
Microsoft Visual Studio Solution File, Format Version 12.00
# Visual Studio 15
VisualStudioVersion = 15.0.28010.2036
MinimumVisualStudioVersion = 10.0.40219.1
Project("{9A19103F-16F7-4668-BE54-9A1E7A4F7556}") = "biomass-succession-vAGB", "biomass-succession-vAGB.csproj", "{2D25B8CA-AF5B-4CEF-AE83-BF8B9356B7F3}"
EndProject
Project("{9A19103F-16F7-4668-BE54-9A1E7A4F7556}") = "Console-Debug", "..\..\Core-Model-v7\Tool-Console\src\Console-Debug.csproj", "{AAEE635C-65F0-40A5-AD25-C07C569F86C2}"
EndProject
Project("{9A19103F-16F7-4668-BE54-9A1E7A4F7556}") = "Extension_Admin", "..\..\Core-Model-v7\Tool-Extension-Admin\src\Extension_Admin.csproj", "{8D9C3A18-9F58-4075-9540-BACFF4EE891B}"
EndProject
Project("{9A19103F-16F7-4668-BE54-9A1E7A4F7556}") = "biomass-harvest", "..\..\..\Extension-Biomass-Harvest\src\biomass-harvest.csproj", "{238D95DA-26BE-4760-B36E-F77C18307277}"
EndProject
Project("{9A19103F-16F7-4668-BE54-9A1E7A4F7556}") = "biomass-cohort", "..\..\..\Library-Biomass-Cohort\src\biomass-cohort.csproj", "{036870D5-A7F7-4BB8-AB2A-986B678B04A0}"
EndProject
Global
	GlobalSection(SolutionConfigurationPlatforms) = preSolution
		Debug|Any CPU = Debug|Any CPU
		Debug|x64 = Debug|x64
		Release|Any CPU = Release|Any CPU
		Release|x64 = Release|x64
	EndGlobalSection
	GlobalSection(ProjectConfigurationPlatforms) = postSolution
		{2D25B8CA-AF5B-4CEF-AE83-BF8B9356B7F3}.Debug|Any CPU.ActiveCfg = Debug|Any CPU
		{2D25B8CA-AF5B-4CEF-AE83-BF8B9356B7F3}.Debug|Any CPU.Build.0 = Debug|Any CPU
		{2D25B8CA-AF5B-4CEF-AE83-BF8B9356B7F3}.Debug|x64.ActiveCfg = Debug|Any CPU
		{2D25B8CA-AF5B-4CEF-AE83-BF8B9356B7F3}.Debug|x64.Build.0 = Debug|Any CPU
		{2D25B8CA-AF5B-4CEF-AE83-BF8B9356B7F3}.Release|Any CPU.ActiveCfg = Release|Any CPU
		{2D25B8CA-AF5B-4CEF-AE83-BF8B9356B7F3}.Release|Any CPU.Build.0 = Release|Any CPU
		{2D25B8CA-AF5B-4CEF-AE83-BF8B9356B7F3}.Release|x64.ActiveCfg = Release|Any CPU
		{2D25B8CA-AF5B-4CEF-AE83-BF8B9356B7F3}.Release|x64.Build.0 = Release|Any CPU
		{AAEE635C-65F0-40A5-AD25-C07C569F86C2}.Debug|Any CPU.ActiveCfg = Debug|Any CPU
		{AAEE635C-65F0-40A5-AD25-C07C569F86C2}.Debug|Any CPU.Build.0 = Debug|Any CPU
		{AAEE635C-65F0-40A5-AD25-C07C569F86C2}.Debug|x64.ActiveCfg = Debug|x64
		{AAEE635C-65F0-40A5-AD25-C07C569F86C2}.Debug|x64.Build.0 = Debug|x64
		{AAEE635C-65F0-40A5-AD25-C07C569F86C2}.Release|Any CPU.ActiveCfg = Release|Any CPU
		{AAEE635C-65F0-40A5-AD25-C07C569F86C2}.Release|Any CPU.Build.0 = Release|Any CPU
		{AAEE635C-65F0-40A5-AD25-C07C569F86C2}.Release|x64.ActiveCfg = Release|x64
		{AAEE635C-65F0-40A5-AD25-C07C569F86C2}.Release|x64.Build.0 = Release|x64
		{8D9C3A18-9F58-4075-9540-BACFF4EE891B}.Debug|Any CPU.ActiveCfg = Debug|Any CPU
		{8D9C3A18-9F58-4075-9540-BACFF4EE891B}.Debug|Any CPU.Build.0 = Debug|Any CPU
		{8D9C3A18-9F58-4075-9540-BACFF4EE891B}.Debug|x64.ActiveCfg = Debug|x64
		{8D9C3A18-9F58-4075-9540-BACFF4EE891B}.Debug|x64.Build.0 = Debug|x64
		{8D9C3A18-9F58-4075-9540-BACFF4EE891B}.Release|Any CPU.ActiveCfg = Release|Any CPU
		{8D9C3A18-9F58-4075-9540-BACFF4EE891B}.Release|Any CPU.Build.0 = Release|Any CPU
		{8D9C3A18-9F58-4075-9540-BACFF4EE891B}.Release|x64.ActiveCfg = Release|x64
		{8D9C3A18-9F58-4075-9540-BACFF4EE891B}.Release|x64.Build.0 = Release|x64
		{238D95DA-26BE-4760-B36E-F77C18307277}.Debug|Any CPU.ActiveCfg = Debug|Any CPU
		{238D95DA-26BE-4760-B36E-F77C18307277}.Debug|Any CPU.Build.0 = Debug|Any CPU
		{238D95DA-26BE-4760-B36E-F77C18307277}.Debug|x64.ActiveCfg = Debug|Any CPU
		{238D95DA-26BE-4760-B36E-F77C18307277}.Debug|x64.Build.0 = Debug|Any CPU
		{238D95DA-26BE-4760-B36E-F77C18307277}.Release|Any CPU.ActiveCfg = Release|Any CPU
		{238D95DA-26BE-4760-B36E-F77C18307277}.Release|Any CPU.Build.0 = Release|Any CPU
		{238D95DA-26BE-4760-B36E-F77C18307277}.Release|x64.ActiveCfg = Release|Any CPU
		{238D95DA-26BE-4760-B36E-F77C18307277}.Release|x64.Build.0 = Release|Any CPU
		{036870D5-A7F7-4BB8-AB2A-986B678B04A0}.Debug|Any CPU.ActiveCfg = Debug|Any CPU
		{036870D5-A7F7-4BB8-AB2A-986B678B04A0}.Debug|Any CPU.Build.0 = Debug|Any CPU
		{036870D5-A7F7-4BB8-AB2A-986B678B04A0}.Debug|x64.ActiveCfg = Debug|Any CPU
		{036870D5-A7F7-4BB8-AB2A-986B678B04A0}.Debug|x64.Build.0 = Debug|Any CPU
		{036870D5-A7F7-4BB8-AB2A-986B678B04A0}.Release|Any CPU.ActiveCfg = Release|Any CPU
		{036870D5-A7F7-4BB8-AB2A-986B678B04A0}.Release|Any CPU.Build.0 = Release|Any CPU
		{036870D5-A7F7-4BB8-AB2A-986B678B04A0}.Release|x64.ActiveCfg = Release|Any CPU
		{036870D5-A7F7-4BB8-AB2A-986B678B04A0}.Release|x64.Build.0 = Release|Any CPU
	EndGlobalSection
	GlobalSection(SolutionProperties) = preSolution
		HideSolutionNode = FALSE
	EndGlobalSection
	GlobalSection(ExtensibilityGlobals) = postSolution
		SolutionGuid = {F317D08F-D2AB-4BE9-9297-B36AF372ED8A}
	EndGlobalSection
EndGlobal
